PODS:
  - aoi (0.0.1)
  - FlutterMacOS (1.0.0)

DEPENDENCIES:
  - aoi (from `Flutter/ephemeral/.symlinks/plugins/aoi/macos`)
  - FlutterMacOS (from `Flutter/ephemeral`)

EXTERNAL SOURCES:
  aoi:
    :path: Flutter/ephemeral/.symlinks/plugins/aoi/macos
  FlutterMacOS:
    :path: Flutter/ephemeral

SPEC CHECKSUMS:
  aoi: a74dcf3a84b209a9740086588fd8b15cfd015a6b
  FlutterMacOS: ae6af50a8ea7d6103d888583d46bd8328a7e9811

PODFILE CHECKSUM: 7ea94091761b499e0c705bed8ccc305efda9867b

COCOAPODS: 1.11.3
